# This is a Gradle generated file for dependency locking.
# Manual edits can break the build and are not advised.
# This file is expected to be part of source control.
ch.qos.logback:logback-classic:1.2.3=jvmCompileClasspath
ch.qos.logback:logback-core:1.2.3=jvmCompileClasspath
com.typesafe:config:1.3.1=jvmCompileClasspath
io.ktor:ktor-http-cio-jvm:1.3.2-1.4.0-rc=jvmCompileClasspath
io.ktor:ktor-http-cio:1.3.2-1.4.0-rc=jvmCompileClasspath
io.ktor:ktor-http-jvm:1.3.2-1.4.0-rc=jvmCompileClasspath
io.ktor:ktor-http:1.3.2-1.4.0-rc=jvmCompileClasspath
io.ktor:ktor-io-jvm:1.3.2-1.4.0-rc=jvmCompileClasspath
io.ktor:ktor-io:1.3.2-1.4.0-rc=jvmCompileClasspath
io.ktor:ktor-network-kotlinMultiplatform:1.3.2-1.4.0-rc=jvmCompileClasspath
io.ktor:ktor-network:1.3.2-1.4.0-rc=jvmCompileClasspath
io.ktor:ktor-server-core-kotlinMultiplatform:1.3.2-1.4.0-rc=jvmCompileClasspath
io.ktor:ktor-server-core:1.3.2-1.4.0-rc=jvmCompileClasspath
io.ktor:ktor-server-host-common-kotlinMultiplatform:1.3.2-1.4.0-rc=jvmCompileClasspath
io.ktor:ktor-server-host-common:1.3.2-1.4.0-rc=jvmCompileClasspath
io.ktor:ktor-server-netty:1.3.2-1.4.0-rc=jvmCompileClasspath
io.ktor:ktor-utils-jvm:1.3.2-1.4.0-rc=jvmCompileClasspath
io.ktor:ktor-utils:1.3.2-1.4.0-rc=jvmCompileClasspath
io.netty:netty-buffer:4.1.44.Final=jvmCompileClasspath
io.netty:netty-codec-http2:4.1.44.Final=jvmCompileClasspath
io.netty:netty-codec-http:4.1.44.Final=jvmCompileClasspath
io.netty:netty-codec:4.1.44.Final=jvmCompileClasspath
io.netty:netty-common:4.1.44.Final=jvmCompileClasspath
io.netty:netty-handler:4.1.44.Final=jvmCompileClasspath
io.netty:netty-resolver:4.1.44.Final=jvmCompileClasspath
io.netty:netty-transport-native-epoll:4.1.44.Final=jvmCompileClasspath
io.netty:netty-transport-native-kqueue:4.1.44.Final=jvmCompileClasspath
io.netty:netty-transport-native-unix-common:4.1.44.Final=jvmCompileClasspath
io.netty:netty-transport:4.1.44.Final=jvmCompileClasspath
org.eclipse.jetty.alpn:alpn-api:1.1.3.v20160715=jvmCompileClasspath
org.jetbrains.intellij.deps:trove4j:1.0.20181211=kotlinCompilerClasspath
org.jetbrains.kotlin:kotlin-compiler-embeddable:1.5.10=kotlinCompilerClasspath
org.jetbrains.kotlin:kotlin-daemon-embeddable:1.5.10=kotlinCompilerClasspath
org.jetbrains.kotlin:kotlin-reflect:1.4.0-rc=jvmCompileClasspath
org.jetbrains.kotlin:kotlin-reflect:1.5.10=kotlinCompilerClasspath
org.jetbrains.kotlin:kotlin-script-runtime:1.5.10=kotlinCompilerClasspath,kotlinCompilerPluginClasspathJsMain,kotlinCompilerPluginClasspathJvmMain
org.jetbrains.kotlin:kotlin-scripting-common:1.5.10=kotlinCompilerPluginClasspathJsMain,kotlinCompilerPluginClasspathJvmMain
org.jetbrains.kotlin:kotlin-scripting-compiler-embeddable:1.5.10=kotlinCompilerPluginClasspathJsMain,kotlinCompilerPluginClasspathJvmMain
org.jetbrains.kotlin:kotlin-scripting-compiler-impl-embeddable:1.5.10=kotlinCompilerPluginClasspathJsMain,kotlinCompilerPluginClasspathJvmMain
org.jetbrains.kotlin:kotlin-scripting-jvm:1.5.10=kotlinCompilerPluginClasspathJsMain,kotlinCompilerPluginClasspathJvmMain
org.jetbrains.kotlin:kotlin-stdlib-common:1.5.10=jsCompileClasspath,jsNpm,jsTestNpm,jvmCompileClasspath,kotlinCompilerClasspath,kotlinCompilerPluginClasspathJsMain,kotlinCompilerPluginClasspathJvmMain
org.jetbrains.kotlin:kotlin-stdlib-jdk7:1.5.10=jvmCompileClasspath
org.jetbrains.kotlin:kotlin-stdlib-jdk8:1.5.10=jvmCompileClasspath
org.jetbrains.kotlin:kotlin-stdlib-js:1.5.10=jsCompileClasspath,jsNpm,jsTestNpm
org.jetbrains.kotlin:kotlin-stdlib:1.5.10=jvmCompileClasspath,kotlinCompilerClasspath,kotlinCompilerPluginClasspathJsMain,kotlinCompilerPluginClasspathJvmMain
org.jetbrains.kotlin:kotlin-test-js-runner:1.5.10=jsNpm,jsTestNpm
org.jetbrains.kotlin:kotlin-test-js:1.5.10=jsNpm,jsTestNpm
org.jetbrains.kotlinx:kotlinx-coroutines-core-jvm:1.3.8-1.4.0-rc=jvmCompileClasspath
org.jetbrains.kotlinx:kotlinx-coroutines-core:1.3.8=kotlinCompilerPluginClasspathJsMain,kotlinCompilerPluginClasspathJvmMain
org.jetbrains.kotlinx:kotlinx-coroutines-core:1.3.8-1.4.0-rc=jvmCompileClasspath
org.jetbrains.kotlinx:kotlinx-coroutines-jdk8:1.3.8-1.4.0-rc=jvmCompileClasspath
org.jetbrains.kotlinx:kotlinx-html-js:0.7.3=jsCompileClasspath,jsNpm,jsTestNpm
org.jetbrains:annotations:13.0=jvmCompileClasspath,kotlinCompilerClasspath,kotlinCompilerPluginClasspathJsMain,kotlinCompilerPluginClasspathJvmMain
org.slf4j:slf4j-api:1.7.30=jvmCompileClasspath
empty=
