# This is a Gradle generated file for dependency locking.
# Manual edits can break the build and are not advised.
# This file is expected to be part of source control.
ch.qos.logback:logback-classic:1.2.3=jvmCompileClasspath,jvmDefault,jvmMainImplementationDependenciesMetadata,jvmRuntimeClasspath,jvmTestCompileClasspath,jvmTestImplementationDependenciesMetadata,jvmTestRuntimeClasspath
ch.qos.logback:logback-core:1.2.3=jvmCompileClasspath,jvmDefault,jvmMainImplementationDependenciesMetadata,jvmRuntimeClasspath,jvmTestCompileClasspath,jvmTestImplementationDependenciesMetadata,jvmTestRuntimeClasspath
com.typesafe:config:1.3.1=jvmCompileClasspath,jvmDefault,jvmRuntimeClasspath,jvmTestCompileClasspath,jvmTestRuntimeClasspath
io.ktor:ktor-http-cio-jvm:1.3.2-1.4.0-rc=jvmCompileClasspath,jvmDefault,jvmRuntimeClasspath,jvmTestCompileClasspath,jvmTestRuntimeClasspath
io.ktor:ktor-http-cio:1.3.2-1.4.0-rc=jvmCompileClasspath,jvmDefault,jvmRuntimeClasspath,jvmTestCompileClasspath,jvmTestRuntimeClasspath
io.ktor:ktor-http-jvm:1.3.2-1.4.0-rc=jvmCompileClasspath,jvmDefault,jvmRuntimeClasspath,jvmTestCompileClasspath,jvmTestRuntimeClasspath
io.ktor:ktor-http:1.3.2-1.4.0-rc=jvmCompileClasspath,jvmDefault,jvmRuntimeClasspath,jvmTestCompileClasspath,jvmTestRuntimeClasspath
io.ktor:ktor-io-jvm:1.3.2-1.4.0-rc=jvmCompileClasspath,jvmDefault,jvmRuntimeClasspath,jvmTestCompileClasspath,jvmTestRuntimeClasspath
io.ktor:ktor-io:1.3.2-1.4.0-rc=jvmCompileClasspath,jvmDefault,jvmRuntimeClasspath,jvmTestCompileClasspath,jvmTestRuntimeClasspath
io.ktor:ktor-network-kotlinMultiplatform:1.3.2-1.4.0-rc=jvmCompileClasspath,jvmDefault,jvmRuntimeClasspath,jvmTestCompileClasspath,jvmTestRuntimeClasspath
io.ktor:ktor-network:1.3.2-1.4.0-rc=jvmCompileClasspath,jvmDefault,jvmRuntimeClasspath,jvmTestCompileClasspath,jvmTestRuntimeClasspath
io.ktor:ktor-server-core-kotlinMultiplatform:1.3.2-1.4.0-rc=jvmCompileClasspath,jvmDefault,jvmRuntimeClasspath,jvmTestCompileClasspath,jvmTestRuntimeClasspath
io.ktor:ktor-server-core:1.3.2-1.4.0-rc=jvmCompileClasspath,jvmDefault,jvmRuntimeClasspath,jvmTestCompileClasspath,jvmTestRuntimeClasspath
io.ktor:ktor-server-host-common-kotlinMultiplatform:1.3.2-1.4.0-rc=jvmCompileClasspath,jvmDefault,jvmRuntimeClasspath,jvmTestCompileClasspath,jvmTestRuntimeClasspath
io.ktor:ktor-server-host-common:1.3.2-1.4.0-rc=jvmCompileClasspath,jvmDefault,jvmRuntimeClasspath,jvmTestCompileClasspath,jvmTestRuntimeClasspath
io.ktor:ktor-server-netty-metadata:1.3.2-1.4.0-rc=jvmMainImplementationDependenciesMetadata,jvmTestImplementationDependenciesMetadata
io.ktor:ktor-server-netty:1.3.2-1.4.0-rc=jvmCompileClasspath,jvmDefault,jvmMainImplementationDependenciesMetadata,jvmRuntimeClasspath,jvmTestCompileClasspath,jvmTestImplementationDependenciesMetadata,jvmTestRuntimeClasspath
io.ktor:ktor-utils-jvm:1.3.2-1.4.0-rc=jvmCompileClasspath,jvmDefault,jvmRuntimeClasspath,jvmTestCompileClasspath,jvmTestRuntimeClasspath
io.ktor:ktor-utils:1.3.2-1.4.0-rc=jvmCompileClasspath,jvmDefault,jvmRuntimeClasspath,jvmTestCompileClasspath,jvmTestRuntimeClasspath
io.netty:netty-buffer:4.1.44.Final=jvmCompileClasspath,jvmDefault,jvmRuntimeClasspath,jvmTestCompileClasspath,jvmTestRuntimeClasspath
io.netty:netty-codec-http2:4.1.44.Final=jvmCompileClasspath,jvmDefault,jvmRuntimeClasspath,jvmTestCompileClasspath,jvmTestRuntimeClasspath
io.netty:netty-codec-http:4.1.44.Final=jvmCompileClasspath,jvmDefault,jvmRuntimeClasspath,jvmTestCompileClasspath,jvmTestRuntimeClasspath
io.netty:netty-codec:4.1.44.Final=jvmCompileClasspath,jvmDefault,jvmRuntimeClasspath,jvmTestCompileClasspath,jvmTestRuntimeClasspath
io.netty:netty-common:4.1.44.Final=jvmCompileClasspath,jvmDefault,jvmRuntimeClasspath,jvmTestCompileClasspath,jvmTestRuntimeClasspath
io.netty:netty-handler:4.1.44.Final=jvmCompileClasspath,jvmDefault,jvmRuntimeClasspath,jvmTestCompileClasspath,jvmTestRuntimeClasspath
io.netty:netty-resolver:4.1.44.Final=jvmCompileClasspath,jvmDefault,jvmRuntimeClasspath,jvmTestCompileClasspath,jvmTestRuntimeClasspath
io.netty:netty-transport-native-epoll:4.1.44.Final=jvmCompileClasspath,jvmDefault,jvmRuntimeClasspath,jvmTestCompileClasspath,jvmTestRuntimeClasspath
io.netty:netty-transport-native-kqueue:4.1.44.Final=jvmCompileClasspath,jvmDefault,jvmRuntimeClasspath,jvmTestCompileClasspath,jvmTestRuntimeClasspath
io.netty:netty-transport-native-unix-common:4.1.44.Final=jvmCompileClasspath,jvmDefault,jvmRuntimeClasspath,jvmTestCompileClasspath,jvmTestRuntimeClasspath
io.netty:netty-transport:4.1.44.Final=jvmCompileClasspath,jvmDefault,jvmRuntimeClasspath,jvmTestCompileClasspath,jvmTestRuntimeClasspath
org.eclipse.jetty.alpn:alpn-api:1.1.3.v20160715=jvmCompileClasspath,jvmDefault,jvmRuntimeClasspath,jvmTestCompileClasspath,jvmTestRuntimeClasspath
org.jetbrains.intellij.deps:trove4j:1.0.20181211=kotlinCompilerClasspath
org.jetbrains.kotlin:kotlin-compiler-embeddable:1.3.71=kotlinCompilerClasspath
org.jetbrains.kotlin:kotlin-daemon-embeddable:1.3.71=kotlinCompilerClasspath
org.jetbrains.kotlin:kotlin-reflect:1.3.71=kotlinCompilerClasspath
org.jetbrains.kotlin:kotlin-reflect:1.4.0-rc=jvmCompileClasspath,jvmDefault,jvmRuntimeClasspath,jvmTestCompileClasspath,jvmTestRuntimeClasspath
org.jetbrains.kotlin:kotlin-script-runtime:1.3.71=kotlinCompilerClasspath,kotlinCompilerPluginClasspath
org.jetbrains.kotlin:kotlin-scripting-common:1.3.71=kotlinCompilerPluginClasspath
org.jetbrains.kotlin:kotlin-scripting-compiler-embeddable:1.3.71=kotlinCompilerPluginClasspath
org.jetbrains.kotlin:kotlin-scripting-compiler-impl-embeddable:1.3.71=kotlinCompilerPluginClasspath
org.jetbrains.kotlin:kotlin-scripting-jvm:1.3.71=kotlinCompilerPluginClasspath
org.jetbrains.kotlin:kotlin-stdlib-common:1.3.71=jsCompileClasspath,jsDefault,jsMainImplementationDependenciesMetadata,jsRuntimeClasspath,jsTestCompileClasspath,jsTestImplementationDependenciesMetadata,jsTestRuntimeClasspath,kotlinCompilerClasspath,kotlinCompilerPluginClasspath
org.jetbrains.kotlin:kotlin-stdlib-common:1.4.0-rc=jvmCompileClasspath,jvmDefault,jvmMainImplementationDependenciesMetadata,jvmRuntimeClasspath,jvmTestCompileClasspath,jvmTestImplementationDependenciesMetadata,jvmTestRuntimeClasspath
org.jetbrains.kotlin:kotlin-stdlib-jdk7:1.3.71=jvmMainImplementationDependenciesMetadata,jvmTestImplementationDependenciesMetadata
org.jetbrains.kotlin:kotlin-stdlib-jdk7:1.4.0-rc=jvmCompileClasspath,jvmDefault,jvmRuntimeClasspath,jvmTestCompileClasspath,jvmTestRuntimeClasspath
org.jetbrains.kotlin:kotlin-stdlib-jdk8:1.3.71=jvmMainImplementationDependenciesMetadata,jvmTestImplementationDependenciesMetadata
org.jetbrains.kotlin:kotlin-stdlib-jdk8:1.4.0-rc=jvmCompileClasspath,jvmDefault,jvmRuntimeClasspath,jvmTestCompileClasspath,jvmTestRuntimeClasspath
org.jetbrains.kotlin:kotlin-stdlib-js:1.3.71=jsCompileClasspath,jsDefault,jsMainImplementationDependenciesMetadata,jsRuntimeClasspath,jsTestCompileClasspath,jsTestImplementationDependenciesMetadata,jsTestRuntimeClasspath
org.jetbrains.kotlin:kotlin-stdlib:1.3.71=kotlinCompilerClasspath,kotlinCompilerPluginClasspath
org.jetbrains.kotlin:kotlin-stdlib:1.4.0-rc=jvmCompileClasspath,jvmDefault,jvmMainImplementationDependenciesMetadata,jvmRuntimeClasspath,jvmTestCompileClasspath,jvmTestImplementationDependenciesMetadata,jvmTestRuntimeClasspath
org.jetbrains.kotlinx:kotlinx-coroutines-core-jvm:1.3.8-1.4.0-rc=jvmCompileClasspath,jvmDefault,jvmRuntimeClasspath,jvmTestCompileClasspath,jvmTestRuntimeClasspath
org.jetbrains.kotlinx:kotlinx-coroutines-core:1.2.1=kotlinCompilerPluginClasspath
org.jetbrains.kotlinx:kotlinx-coroutines-core:1.3.8-1.4.0-rc=jvmCompileClasspath,jvmDefault,jvmRuntimeClasspath,jvmTestCompileClasspath,jvmTestRuntimeClasspath
org.jetbrains.kotlinx:kotlinx-coroutines-jdk8:1.3.8-1.4.0-rc=jvmCompileClasspath,jvmDefault,jvmRuntimeClasspath,jvmTestCompileClasspath,jvmTestRuntimeClasspath
org.jetbrains.kotlinx:kotlinx-html-common:0.7.1=jsCompileClasspath,jsDefault,jsMainImplementationDependenciesMetadata,jsRuntimeClasspath,jsTestCompileClasspath,jsTestImplementationDependenciesMetadata,jsTestRuntimeClasspath
org.jetbrains.kotlinx:kotlinx-html-js:0.7.1=jsCompileClasspath,jsDefault,jsMainImplementationDependenciesMetadata,jsRuntimeClasspath,jsTestCompileClasspath,jsTestImplementationDependenciesMetadata,jsTestRuntimeClasspath
org.jetbrains:annotations:13.0=jvmCompileClasspath,jvmDefault,jvmMainImplementationDependenciesMetadata,jvmRuntimeClasspath,jvmTestCompileClasspath,jvmTestImplementationDependenciesMetadata,jvmTestRuntimeClasspath,kotlinCompilerClasspath,kotlinCompilerPluginClasspath
org.slf4j:slf4j-api:1.7.25=jvmMainImplementationDependenciesMetadata,jvmTestImplementationDependenciesMetadata
org.slf4j:slf4j-api:1.7.30=jvmCompileClasspath,jvmDefault,jvmRuntimeClasspath,jvmTestCompileClasspath,jvmTestRuntimeClasspath
empty=commonMainApiDependenciesMetadata,commonMainCompileOnlyDependenciesMetadata,commonMainImplementationDependenciesMetadata,commonMainRuntimeOnlyDependenciesMetadata,commonTestApiDependenciesMetadata,commonTestCompileOnlyDependenciesMetadata,commonTestImplementationDependenciesMetadata,commonTestRuntimeOnlyDependenciesMetadata,jsCompile,jsCompileOnly,jsMainApiDependenciesMetadata,jsMainCompileOnlyDependenciesMetadata,jsMainRuntimeOnlyDependenciesMetadata,jsRuntime,jsTestApiDependenciesMetadata,jsTestCompile,jsTestCompileOnlyDependenciesMetadata,jsTestRuntime,jsTestRuntimeOnlyDependenciesMetadata,jvmCompile,jvmCompileOnly,jvmMainApiDependenciesMetadata,jvmMainCompileOnlyDependenciesMetadata,jvmMainRuntimeOnlyDependenciesMetadata,jvmRuntime,jvmTestApiDependenciesMetadata,jvmTestCompile,jvmTestCompileOnlyDependenciesMetadata,jvmTestRuntime,jvmTestRuntimeOnlyDependenciesMetadata,kotlinNativeCompilerPluginClasspath,kotlinScriptDef,kotlinScriptDefExtensions,metadataCompile,metadataCompileClasspath,metadataCompileOnly,metadataDefault,metadataRuntimeOnly,shadow,testKotlinScriptDef,testKotlinScriptDefExtensions
