# This is a Gradle generated file for dependency locking.
# Manual edits can break the build and are not advised.
# This file is expected to be part of source control.
de.jensd:fontawesomefx-commons:9.1.2
de.jensd:fontawesomefx-fontawesome:4.7.0-9.1.2
javax.json:javax.json-api:1.1.2
no.tornado:tornadofx:2.0.0-SNAPSHOT
org.glassfish:javax.json:1.1.2
org.jetbrains.kotlin:kotlin-reflect:1.3.61
org.jetbrains.kotlin:kotlin-stdlib-common:1.3.71
org.jetbrains.kotlin:kotlin-stdlib-jdk7:1.3.71
org.jetbrains.kotlin:kotlin-stdlib-jdk8:1.3.71
org.jetbrains.kotlin:kotlin-stdlib:1.3.71
org.jetbrains:annotations:13.0
org.openjfx:javafx-base:13
org.openjfx:javafx-controls:13
org.openjfx:javafx-fxml:13
org.openjfx:javafx-graphics:13
org.openjfx:javafx-media:13
org.openjfx:javafx-swing:13
org.openjfx:javafx-web:13
