# This is a Gradle generated file for dependency locking.
# Manual edits can break the build and are not advised.
# This file is expected to be part of source control.
de.jensd:fontawesomefx-commons:9.1.2=jvmCompileClasspath
de.jensd:fontawesomefx-fontawesome:4.7.0-9.1.2=jvmCompileClasspath
javax.json:javax.json-api:1.1.4=jvmCompileClasspath
no.tornado:tornadofx:2.0.0-SNAPSHOT=jvmCompileClasspath
org.glassfish:javax.json:1.1.4=jvmCompileClasspath
org.jetbrains.intellij.deps:trove4j:1.0.20181211=kotlinCompilerClasspath
org.jetbrains.kotlin:kotlin-compiler-embeddable:1.5.10=kotlinCompilerClasspath
org.jetbrains.kotlin:kotlin-daemon-embeddable:1.5.10=kotlinCompilerClasspath
org.jetbrains.kotlin:kotlin-reflect:1.3.61=jvmCompileClasspath
org.jetbrains.kotlin:kotlin-reflect:1.5.10=kotlinCompilerClasspath
org.jetbrains.kotlin:kotlin-script-runtime:1.5.10=kotlinCompilerClasspath,kotlinCompilerPluginClasspathJvmMain
org.jetbrains.kotlin:kotlin-scripting-common:1.5.10=kotlinCompilerPluginClasspathJvmMain
org.jetbrains.kotlin:kotlin-scripting-compiler-embeddable:1.5.10=kotlinCompilerPluginClasspathJvmMain
org.jetbrains.kotlin:kotlin-scripting-compiler-impl-embeddable:1.5.10=kotlinCompilerPluginClasspathJvmMain
org.jetbrains.kotlin:kotlin-scripting-jvm:1.5.10=kotlinCompilerPluginClasspathJvmMain
org.jetbrains.kotlin:kotlin-stdlib-common:1.5.10=jvmCompileClasspath,kotlinCompilerClasspath,kotlinCompilerPluginClasspathJvmMain
org.jetbrains.kotlin:kotlin-stdlib-jdk7:1.5.10=jvmCompileClasspath
org.jetbrains.kotlin:kotlin-stdlib-jdk8:1.5.10=jvmCompileClasspath
org.jetbrains.kotlin:kotlin-stdlib:1.5.10=jvmCompileClasspath,kotlinCompilerClasspath,kotlinCompilerPluginClasspathJvmMain
org.jetbrains.kotlinx:kotlinx-coroutines-core:1.3.8=kotlinCompilerPluginClasspathJvmMain
org.jetbrains:annotations:13.0=jvmCompileClasspath,kotlinCompilerClasspath,kotlinCompilerPluginClasspathJvmMain
org.openjfx:javafx-base:13=jvmCompileClasspath
org.openjfx:javafx-controls:13=jvmCompileClasspath
org.openjfx:javafx-fxml:13=jvmCompileClasspath
org.openjfx:javafx-graphics:13=jvmCompileClasspath
org.openjfx:javafx-media:13=jvmCompileClasspath
org.openjfx:javafx-swing:13=jvmCompileClasspath
org.openjfx:javafx-web:13=jvmCompileClasspath
empty=
